
Microsoft Visual Studio Solution File, Format Version 12.00
# Visual Studio Version 16
VisualStudioVersion = 16.0.31105.61
MinimumVisualStudioVersion = 10.0.40219.1
Project("{9A19103F-16F7-4668-BE54-9A1E7A4F7556}") = "Site_1", "Site_1.csproj", "{1CDA1953-31ED-48EE-930C-A1EE1756518F}"
EndProject
Global
	GlobalSection(SolutionConfigurationPlatforms) = preSolution
		Debug|Any CPU = Debug|Any CPU
		Release|Any CPU = Release|Any CPU
	EndGlobalSection
	GlobalSection(ProjectConfigurationPlatforms) = postSolution
		{1CDA1953-31ED-48EE-930C-A1EE1756518F}.Debug|Any CPU.ActiveCfg = Debug|Any CPU
		{1CDA1953-31ED-48EE-930C-A1EE1756518F}.Debug|Any CPU.Build.0 = Debug|Any CPU
		{1CDA1953-31ED-48EE-930C-A1EE1756518F}.Release|Any CPU.ActiveCfg = Release|Any CPU
		{1CDA1953-31ED-48EE-930C-A1EE1756518F}.Release|Any CPU.Build.0 = Release|Any CPU
	EndGlobalSection
	GlobalSection(SolutionProperties) = preSolution
		HideSolutionNode = FALSE
	EndGlobalSection
	GlobalSection(ExtensibilityGlobals) = postSolution
		SolutionGuid = {696AB43A-7152-4248-9771-C3129A5CC2E4}
	EndGlobalSection
EndGlobal
